
Microsoft Visual Studio Solution File, Format Version 12.00
# Visual Studio Version 17
VisualStudioVersion = 17.14.36301.6 d17.14
MinimumVisualStudioVersion = 10.0.40219.1
Project("{FAE04EC0-301F-11D3-BF4B-00C04F79EFBC}") = "Min_Max_Summe_Konsole", "Min_Max_Summe_Konsole\Min_Max_Summe_Konsole.csproj", "{7ADE0C53-47C3-46F4-90D9-BE7AE163BFDE}"
EndProject
Global
	GlobalSection(SolutionConfigurationPlatforms) = preSolution
		Debug|Any CPU = Debug|Any CPU
		Release|Any CPU = Release|Any CPU
	EndGlobalSection
	GlobalSection(ProjectConfigurationPlatforms) = postSolution
		{7ADE0C53-47C3-46F4-90D9-BE7AE163BFDE}.Debug|Any CPU.ActiveCfg = Debug|Any CPU
		{7ADE0C53-47C3-46F4-90D9-BE7AE163BFDE}.Debug|Any CPU.Build.0 = Debug|Any CPU
		{7ADE0C53-47C3-46F4-90D9-BE7AE163BFDE}.Release|Any CPU.ActiveCfg = Release|Any CPU
		{7ADE0C53-47C3-46F4-90D9-BE7AE163BFDE}.Release|Any CPU.Build.0 = Release|Any CPU
	EndGlobalSection
	GlobalSection(SolutionProperties) = preSolution
		HideSolutionNode = FALSE
	EndGlobalSection
	GlobalSection(ExtensibilityGlobals) = postSolution
		SolutionGuid = {E75FF29A-3B02-49F1-8499-032617017083}
	EndGlobalSection
EndGlobal
